
Microsoft Visual Studio Solution File, Format Version 12.00
# Visual Studio Version 16
VisualStudioVersion = 16.0.31624.102
MinimumVisualStudioVersion = 10.0.40219.1
Project("{FAE04EC0-301F-11D3-BF4B-00C04F79EFBC}") = "SBT", "SBT.csproj", "{AAF31EA1-6EB2-40EA-A8E6-FFFDE46F42D6}"
EndProject
Global
	GlobalSection(SolutionConfigurationPlatforms) = preSolution
		Debug|Any CPU = Debug|Any CPU
		Release|Any CPU = Release|Any CPU
	EndGlobalSection
	GlobalSection(ProjectConfigurationPlatforms) = postSolution
		{AAF31EA1-6EB2-40EA-A8E6-FFFDE46F42D6}.Debug|Any CPU.ActiveCfg = Debug|Any CPU
		{AAF31EA1-6EB2-40EA-A8E6-FFFDE46F42D6}.Debug|Any CPU.Build.0 = Debug|Any CPU
		{AAF31EA1-6EB2-40EA-A8E6-FFFDE46F42D6}.Release|Any CPU.ActiveCfg = Release|Any CPU
		{AAF31EA1-6EB2-40EA-A8E6-FFFDE46F42D6}.Release|Any CPU.Build.0 = Release|Any CPU
	EndGlobalSection
	GlobalSection(SolutionProperties) = preSolution
		HideSolutionNode = FALSE
	EndGlobalSection
	GlobalSection(ExtensibilityGlobals) = postSolution
		SolutionGuid = {59FB4806-F36C-461E-8FF5-86296ACE3976}
	EndGlobalSection
EndGlobal
